
Microsoft Visual Studio Solution File, Format Version 12.00
# Visual Studio Version 17
VisualStudioVersion = 17.5.002.0
MinimumVisualStudioVersion = 10.0.40219.1
Project("{2150E333-8FDC-42A3-9474-1A3956D46DE8}") = "sandbox", "sandbox", "{C35B7E56-477C-4CC8-9485-9A8B7820EE40}"
EndProject
Project("{9A19103F-16F7-4668-BE54-9A1E7A4F7556}") = "sandbox_project", "sandbox\sandbox_project\sandbox_project.csproj", "{A8A47673-E47F-473A-8FBE-6C6D10611A21}"
EndProject
Project("{2150E333-8FDC-42A3-9474-1A3956D46DE8}") = "week01", "week01", "{9F7CC3A9-3F59-4943-8E83-79048CEDE21D}"
EndProject
Project("{9A19103F-16F7-4668-BE54-9A1E7A4F7556}") = "analyze", "week01\analyze\analyze.csproj", "{1840DD2C-0650-4393-9FED-47B85A496320}"
EndProject
Project("{9A19103F-16F7-4668-BE54-9A1E7A4F7556}") = "code", "week01\code\code.csproj", "{BD0AD8A6-1324-48E4-99F3-165E26CD81B7}"
EndProject
Project("{9A19103F-16F7-4668-BE54-9A1E7A4F7556}") = "teach", "week01\teach\teach.csproj", "{07DC1119-C38E-4174-8084-3495167CD9B0}"
EndProject
Project("{2150E333-8FDC-42A3-9474-1A3956D46DE8}") = "week02", "week02", "{EABB2F64-599C-4BC8-8175-9428B7A13AF5}"
EndProject
Project("{9A19103F-16F7-4668-BE54-9A1E7A4F7556}") = "analyze", "week02\analyze\analyze.csproj", "{A7A7405F-D274-4FAA-88D0-F5ADFD9324E3}"
EndProject
Project("{9A19103F-16F7-4668-BE54-9A1E7A4F7556}") = "code", "week02\code\code.csproj", "{75E9FDD2-E711-4686-B1D9-EFFA7A902739}"
EndProject
Project("{9A19103F-16F7-4668-BE54-9A1E7A4F7556}") = "learn", "week02\learn\learn.csproj", "{9D71EA9E-51B1-4957-91A6-BC933DB9AB0F}"
EndProject
Project("{9A19103F-16F7-4668-BE54-9A1E7A4F7556}") = "teach", "week02\teach\teach.csproj", "{780C07BA-7E09-4628-B1AD-CE8F98658EAC}"
EndProject
Project("{2150E333-8FDC-42A3-9474-1A3956D46DE8}") = "week03", "week03", "{9DA1889C-EB14-4728-8661-A547B5B010D3}"
EndProject
Project("{9A19103F-16F7-4668-BE54-9A1E7A4F7556}") = "code", "week03\code\code.csproj", "{C917A83A-5BF3-4035-A5C8-56C3AF4E7C83}"
EndProject
Project("{9A19103F-16F7-4668-BE54-9A1E7A4F7556}") = "learn", "week03\learn\learn.csproj", "{52ECD646-2A46-42FA-8713-78E48B0F35BF}"
EndProject
Project("{9A19103F-16F7-4668-BE54-9A1E7A4F7556}") = "teach", "week03\teach\teach.csproj", "{A82F218E-1BEA-48CF-91C2-342769EB8B71}"
EndProject
Project("{2150E333-8FDC-42A3-9474-1A3956D46DE8}") = "week04", "week04", "{002F7D6B-8AFC-46F4-97FE-7F064DE40864}"
EndProject
Project("{9A19103F-16F7-4668-BE54-9A1E7A4F7556}") = "code", "week04\code\code.csproj", "{C19B9EC3-EFD7-4DB6-89E9-D6143CDB0E9E}"
EndProject
Project("{2150E333-8FDC-42A3-9474-1A3956D46DE8}") = "week05", "week05", "{3E39F69D-74E7-4C76-9331-FBDF742373A2}"
EndProject
Project("{9A19103F-16F7-4668-BE54-9A1E7A4F7556}") = "code", "week05\code\code.csproj", "{C0DD1702-D4B1-458E-8E20-0FC30463D8F6}"
EndProject
Project("{2150E333-8FDC-42A3-9474-1A3956D46DE8}") = "week06", "week06", "{35155E7C-92E7-4499-97D2-753B69F2129A}"
EndProject
Project("{9A19103F-16F7-4668-BE54-9A1E7A4F7556}") = "code", "week06\code\code.csproj", "{107FF393-847A-4C05-A019-EECE2E46ADEE}"
EndProject
Global
	GlobalSection(SolutionConfigurationPlatforms) = preSolution
		Debug|Any CPU = Debug|Any CPU
		Release|Any CPU = Release|Any CPU
	EndGlobalSection
	GlobalSection(ProjectConfigurationPlatforms) = postSolution
		{A8A47673-E47F-473A-8FBE-6C6D10611A21}.Debug|Any CPU.ActiveCfg = Debug|Any CPU
		{A8A47673-E47F-473A-8FBE-6C6D10611A21}.Debug|Any CPU.Build.0 = Debug|Any CPU
		{A8A47673-E47F-473A-8FBE-6C6D10611A21}.Release|Any CPU.ActiveCfg = Release|Any CPU
		{A8A47673-E47F-473A-8FBE-6C6D10611A21}.Release|Any CPU.Build.0 = Release|Any CPU
		{1840DD2C-0650-4393-9FED-47B85A496320}.Debug|Any CPU.ActiveCfg = Debug|Any CPU
		{1840DD2C-0650-4393-9FED-47B85A496320}.Debug|Any CPU.Build.0 = Debug|Any CPU
		{1840DD2C-0650-4393-9FED-47B85A496320}.Release|Any CPU.ActiveCfg = Release|Any CPU
		{1840DD2C-0650-4393-9FED-47B85A496320}.Release|Any CPU.Build.0 = Release|Any CPU
		{BD0AD8A6-1324-48E4-99F3-165E26CD81B7}.Debug|Any CPU.ActiveCfg = Debug|Any CPU
		{BD0AD8A6-1324-48E4-99F3-165E26CD81B7}.Debug|Any CPU.Build.0 = Debug|Any CPU
		{BD0AD8A6-1324-48E4-99F3-165E26CD81B7}.Release|Any CPU.ActiveCfg = Release|Any CPU
		{BD0AD8A6-1324-48E4-99F3-165E26CD81B7}.Release|Any CPU.Build.0 = Release|Any CPU
		{07DC1119-C38E-4174-8084-3495167CD9B0}.Debug|Any CPU.ActiveCfg = Debug|Any CPU
		{07DC1119-C38E-4174-8084-3495167CD9B0}.Debug|Any CPU.Build.0 = Debug|Any CPU
		{07DC1119-C38E-4174-8084-3495167CD9B0}.Release|Any CPU.ActiveCfg = Release|Any CPU
		{07DC1119-C38E-4174-8084-3495167CD9B0}.Release|Any CPU.Build.0 = Release|Any CPU
		{A7A7405F-D274-4FAA-88D0-F5ADFD9324E3}.Debug|Any CPU.ActiveCfg = Debug|Any CPU
		{A7A7405F-D274-4FAA-88D0-F5ADFD9324E3}.Debug|Any CPU.Build.0 = Debug|Any CPU
		{A7A7405F-D274-4FAA-88D0-F5ADFD9324E3}.Release|Any CPU.ActiveCfg = Release|Any CPU
		{A7A7405F-D274-4FAA-88D0-F5ADFD9324E3}.Release|Any CPU.Build.0 = Release|Any CPU
		{75E9FDD2-E711-4686-B1D9-EFFA7A902739}.Debug|Any CPU.ActiveCfg = Debug|Any CPU
		{75E9FDD2-E711-4686-B1D9-EFFA7A902739}.Debug|Any CPU.Build.0 = Debug|Any CPU
		{75E9FDD2-E711-4686-B1D9-EFFA7A902739}.Release|Any CPU.ActiveCfg = Release|Any CPU
		{75E9FDD2-E711-4686-B1D9-EFFA7A902739}.Release|Any CPU.Build.0 = Release|Any CPU
		{9D71EA9E-51B1-4957-91A6-BC933DB9AB0F}.Debug|Any CPU.ActiveCfg = Debug|Any CPU
		{9D71EA9E-51B1-4957-91A6-BC933DB9AB0F}.Debug|Any CPU.Build.0 = Debug|Any CPU
		{9D71EA9E-51B1-4957-91A6-BC933DB9AB0F}.Release|Any CPU.ActiveCfg = Release|Any CPU
		{9D71EA9E-51B1-4957-91A6-BC933DB9AB0F}.Release|Any CPU.Build.0 = Release|Any CPU
		{780C07BA-7E09-4628-B1AD-CE8F98658EAC}.Debug|Any CPU.ActiveCfg = Debug|Any CPU
		{780C07BA-7E09-4628-B1AD-CE8F98658EAC}.Debug|Any CPU.Build.0 = Debug|Any CPU
		{780C07BA-7E09-4628-B1AD-CE8F98658EAC}.Release|Any CPU.ActiveCfg = Release|Any CPU
		{780C07BA-7E09-4628-B1AD-CE8F98658EAC}.Release|Any CPU.Build.0 = Release|Any CPU
		{C917A83A-5BF3-4035-A5C8-56C3AF4E7C83}.Debug|Any CPU.ActiveCfg = Debug|Any CPU
		{C917A83A-5BF3-4035-A5C8-56C3AF4E7C83}.Debug|Any CPU.Build.0 = Debug|Any CPU
		{C917A83A-5BF3-4035-A5C8-56C3AF4E7C83}.Release|Any CPU.ActiveCfg = Release|Any CPU
		{C917A83A-5BF3-4035-A5C8-56C3AF4E7C83}.Release|Any CPU.Build.0 = Release|Any CPU
		{52ECD646-2A46-42FA-8713-78E48B0F35BF}.Debug|Any CPU.ActiveCfg = Debug|Any CPU
		{52ECD646-2A46-42FA-8713-78E48B0F35BF}.Debug|Any CPU.Build.0 = Debug|Any CPU
		{52ECD646-2A46-42FA-8713-78E48B0F35BF}.Release|Any CPU.ActiveCfg = Release|Any CPU
		{52ECD646-2A46-42FA-8713-78E48B0F35BF}.Release|Any CPU.Build.0 = Release|Any CPU
		{A82F218E-1BEA-48CF-91C2-342769EB8B71}.Debug|Any CPU.ActiveCfg = Debug|Any CPU
		{A82F218E-1BEA-48CF-91C2-342769EB8B71}.Debug|Any CPU.Build.0 = Debug|Any CPU
		{A82F218E-1BEA-48CF-91C2-342769EB8B71}.Release|Any CPU.ActiveCfg = Release|Any CPU
		{A82F218E-1BEA-48CF-91C2-342769EB8B71}.Release|Any CPU.Build.0 = Release|Any CPU
		{C19B9EC3-EFD7-4DB6-89E9-D6143CDB0E9E}.Debug|Any CPU.ActiveCfg = Debug|Any CPU
		{C19B9EC3-EFD7-4DB6-89E9-D6143CDB0E9E}.Debug|Any CPU.Build.0 = Debug|Any CPU
		{C19B9EC3-EFD7-4DB6-89E9-D6143CDB0E9E}.Release|Any CPU.ActiveCfg = Release|Any CPU
		{C19B9EC3-EFD7-4DB6-89E9-D6143CDB0E9E}.Release|Any CPU.Build.0 = Release|Any CPU
		{C0DD1702-D4B1-458E-8E20-0FC30463D8F6}.Debug|Any CPU.ActiveCfg = Debug|Any CPU
		{C0DD1702-D4B1-458E-8E20-0FC30463D8F6}.Debug|Any CPU.Build.0 = Debug|Any CPU
		{C0DD1702-D4B1-458E-8E20-0FC30463D8F6}.Release|Any CPU.ActiveCfg = Release|Any CPU
		{C0DD1702-D4B1-458E-8E20-0FC30463D8F6}.Release|Any CPU.Build.0 = Release|Any CPU
		{107FF393-847A-4C05-A019-EECE2E46ADEE}.Debug|Any CPU.ActiveCfg = Debug|Any CPU
		{107FF393-847A-4C05-A019-EECE2E46ADEE}.Debug|Any CPU.Build.0 = Debug|Any CPU
		{107FF393-847A-4C05-A019-EECE2E46ADEE}.Release|Any CPU.ActiveCfg = Release|Any CPU
		{107FF393-847A-4C05-A019-EECE2E46ADEE}.Release|Any CPU.Build.0 = Release|Any CPU
	EndGlobalSection
	GlobalSection(SolutionProperties) = preSolution
		HideSolutionNode = FALSE
	EndGlobalSection
	GlobalSection(NestedProjects) = preSolution
		{A8A47673-E47F-473A-8FBE-6C6D10611A21} = {C35B7E56-477C-4CC8-9485-9A8B7820EE40}
		{1840DD2C-0650-4393-9FED-47B85A496320} = {9F7CC3A9-3F59-4943-8E83-79048CEDE21D}
		{BD0AD8A6-1324-48E4-99F3-165E26CD81B7} = {9F7CC3A9-3F59-4943-8E83-79048CEDE21D}
		{07DC1119-C38E-4174-8084-3495167CD9B0} = {9F7CC3A9-3F59-4943-8E83-79048CEDE21D}
		{A7A7405F-D274-4FAA-88D0-F5ADFD9324E3} = {EABB2F64-599C-4BC8-8175-9428B7A13AF5}
		{75E9FDD2-E711-4686-B1D9-EFFA7A902739} = {EABB2F64-599C-4BC8-8175-9428B7A13AF5}
		{9D71EA9E-51B1-4957-91A6-BC933DB9AB0F} = {EABB2F64-599C-4BC8-8175-9428B7A13AF5}
		{780C07BA-7E09-4628-B1AD-CE8F98658EAC} = {EABB2F64-599C-4BC8-8175-9428B7A13AF5}
		{C917A83A-5BF3-4035-A5C8-56C3AF4E7C83} = {9DA1889C-EB14-4728-8661-A547B5B010D3}
		{52ECD646-2A46-42FA-8713-78E48B0F35BF} = {9DA1889C-EB14-4728-8661-A547B5B010D3}
		{A82F218E-1BEA-48CF-91C2-342769EB8B71} = {9DA1889C-EB14-4728-8661-A547B5B010D3}
		{C19B9EC3-EFD7-4DB6-89E9-D6143CDB0E9E} = {002F7D6B-8AFC-46F4-97FE-7F064DE40864}
		{C0DD1702-D4B1-458E-8E20-0FC30463D8F6} = {3E39F69D-74E7-4C76-9331-FBDF742373A2}
		{107FF393-847A-4C05-A019-EECE2E46ADEE} = {35155E7C-92E7-4499-97D2-753B69F2129A}
	EndGlobalSection
	GlobalSection(ExtensibilityGlobals) = postSolution
		SolutionGuid = {00F448FC-691F-428F-968B-6BB09D39FFF1}
	EndGlobalSection
EndGlobal
